
Microsoft Visual Studio Solution File, Format Version 12.00
# Visual Studio Version 16
VisualStudioVersion = 16.0.29920.165
MinimumVisualStudioVersion = 10.0.40219.1
Project("{FAE04EC0-301F-11D3-BF4B-00C04F79EFBC}") = "VeninethTrainer", "VeninethTrainer\VeninethTrainer.csproj", "{3A9A6F2C-0EFD-4BB5-9A2C-B99A953628FB}"
EndProject
Global
	GlobalSection(SolutionConfigurationPlatforms) = preSolution
		Debug|Any CPU = Debug|Any CPU
		Release|Any CPU = Release|Any CPU
	EndGlobalSection
	GlobalSection(ProjectConfigurationPlatforms) = postSolution
		{3A9A6F2C-0EFD-4BB5-9A2C-B99A953628FB}.Debug|Any CPU.ActiveCfg = Debug|Any CPU
		{3A9A6F2C-0EFD-4BB5-9A2C-B99A953628FB}.Debug|Any CPU.Build.0 = Debug|Any CPU
		{3A9A6F2C-0EFD-4BB5-9A2C-B99A953628FB}.Release|Any CPU.ActiveCfg = Release|Any CPU
		{3A9A6F2C-0EFD-4BB5-9A2C-B99A953628FB}.Release|Any CPU.Build.0 = Release|Any CPU
	EndGlobalSection
	GlobalSection(SolutionProperties) = preSolution
		HideSolutionNode = FALSE
	EndGlobalSection
	GlobalSection(ExtensibilityGlobals) = postSolution
		SolutionGuid = {C8B40FE3-9048-43C3-973D-7EBC8B12D712}
	EndGlobalSection
EndGlobal
